
Microsoft Visual Studio Solution File, Format Version 12.00
# Visual Studio Version 16
VisualStudioVersion = 25.0.1704.0
MinimumVisualStudioVersion = 10.0.40219.1
Project("{FAE04EC0-301F-11D3-BF4B-00C04F79EFBC}") = "Xamarin-Sample-App", "Xamarin-Sample-App.csproj", "{D3A537C3-0FEA-45C2-8B78-7A2FE8941D88}"
EndProject
Global
	GlobalSection(SolutionConfigurationPlatforms) = preSolution
		Debug|iPhoneSimulator = Debug|iPhoneSimulator
		Release|iPhoneSimulator = Release|iPhoneSimulator
		Debug|iPhone = Debug|iPhone
		Release|iPhone = Release|iPhone
	EndGlobalSection
	GlobalSection(ProjectConfigurationPlatforms) = postSolution
		{D3A537C3-0FEA-45C2-8B78-7A2FE8941D88}.Debug|iPhoneSimulator.ActiveCfg = Debug|iPhoneSimulator
		{D3A537C3-0FEA-45C2-8B78-7A2FE8941D88}.Debug|iPhoneSimulator.Build.0 = Debug|iPhoneSimulator
		{D3A537C3-0FEA-45C2-8B78-7A2FE8941D88}.Release|iPhoneSimulator.ActiveCfg = Release|iPhoneSimulator
		{D3A537C3-0FEA-45C2-8B78-7A2FE8941D88}.Release|iPhoneSimulator.Build.0 = Release|iPhoneSimulator
		{D3A537C3-0FEA-45C2-8B78-7A2FE8941D88}.Debug|iPhone.ActiveCfg = Debug|iPhone
		{D3A537C3-0FEA-45C2-8B78-7A2FE8941D88}.Debug|iPhone.Build.0 = Debug|iPhone
		{D3A537C3-0FEA-45C2-8B78-7A2FE8941D88}.Release|iPhone.ActiveCfg = Release|iPhone
		{D3A537C3-0FEA-45C2-8B78-7A2FE8941D88}.Release|iPhone.Build.0 = Release|iPhone
	EndGlobalSection
	GlobalSection(SolutionProperties) = preSolution
		HideSolutionNode = FALSE
	EndGlobalSection
	GlobalSection(ExtensibilityGlobals) = postSolution
		SolutionGuid = {7DF734AC-0C57-45E5-A920-E837A43B0B01}
	EndGlobalSection
EndGlobal
